releases:
- name: diego
  sha1: 5e8e6600cc6cf69dd25ce76bda6a144cc00bfdd7
  version: 2.49.0
  remote_source: bosh.io
  remote_path: https://bosh.io/d/github.com/cloudfoundry/diego-release?v=2.49.0
- name: envoy-nginx
  sha1: 386385b18f2dda75176cd6839367904302d6d47b
  version: 0.7.0
  remote_source: bosh.io
  remote_path: https://bosh.io/d/github.com/cloudfoundry-incubator/envoy-nginx-release?v=0.7.0
- name: event-log
  sha1: d4927316ed82e4814a8a662e7a9250d3a228f748
  version: 0.9.0
  remote_source: bosh.io
  remote_path: https://bosh.io/d/github.com/cloudfoundry-incubator/event-log-release?v=0.9.0
- name: garden-runc
  sha1: 0c6eb93bf23451486166b233a62e4ec46841e6a5
  version: 1.19.18
  remote_source: bosh.io
  remote_path: https://bosh.io/d/github.com/cloudfoundry/garden-runc-release?v=1.19.18
- name: hwc-offline-buildpack
  sha1: a2ddf89527c82a97d5268daf9483790dc16b2bfb
  version: 3.1.13
  remote_source: final-pcf-bosh-releases
  remote_path: hwc-offline-buildpack/hwc-offline-buildpack-3.1.13.tgz
- name: loggregator-agent
  sha1: 7210bac9c456bf20fd6de2175c562e443f249249
  version: 6.2.0
  remote_source: bosh.io
  remote_path: https://bosh.io/d/github.com/cloudfoundry/loggregator-agent-release?v=6.2.0
- name: metrics-discovery
  sha1: c414dd33b34231dfb8f655ed77c54a2fc21775fa
  version: 3.0.3
  remote_source: bosh.io
  remote_path: https://bosh.io/d/github.com/cloudfoundry/metrics-discovery-release?v=3.0.3
- name: smoke-tests
  sha1: 45284914685b7303eb41b0c09c3efcc6fdd7ee21
  version: 2.2.0
  remote_source: final-pcf-bosh-releases
  remote_path: smoke-tests/smoke-tests-2.2.0.tgz
- name: winc
  sha1: 365690f87e7bea56a6eef15c92e0492165669d03
  version: 2.3.0
  remote_source: bosh.io
  remote_path: https://bosh.io/d/github.com/cloudfoundry-incubator/winc-release?v=2.3.0
- name: windows-utilities
  sha1: 7886ffd43b84d4eced06560ba601ce1eb97c6616
  version: 0.14.0
  remote_source: bosh.io
  remote_path: https://bosh.io/d/github.com/cloudfoundry-incubator/windows-utilities-release?v=0.14.0
stemcell_criteria:
  os: windows2019
  version: "2019.17"
