releases:
- name: bpm
  sha1: 408814b7e122d927b69ebdf4a8f62f729ff2f087
  version: 1.0.1
- name: cf-networking
  sha1: dd12a8b373d8488e9a0d97b8476ec2cb4673ba8c
  version: 2.20.0
- name: cflinuxfs2
  sha1: c9513b7996e1b21a4f7748cd52a15ab14ce9330a
  version: 1.260.0
- name: cflinuxfs3
  sha1: 81042ed83220e240ed16d28abb54787dab511299
  version: 0.51.0
- name: diego
  sha1: 9e4ad78c079dcc6d7ff322f26a6ce6ae967cc550
  version: 2.27.0
- name: garden-runc
  sha1: f57954af5762ddcc36909fa5dc08325311b49196
  version: 1.18.0
- name: haproxy
  sha1: e6328a3281cf1eadf0d6ed9bc0b84de7d87ad155
  version: 9.4.1
- name: loggregator
  sha1: dbbda9f25a257a790841f3315d855b726de8decd
  version: '103.3'
- name: loggregator-agent
  sha1: d6eed0d82b8c950bf3b3c30fa266976e72aba1b8
  version: '2.2'
- name: mapfs
  sha1: 05fa24690c2dd0bf4b9373507d5e16ec59f452c7
  version: 1.1.2
- name: nfs-volume
  sha1: 482723f9d4f5dc96b4bb364ed346901d03b7ef9f
  version: 1.7.6
- name: routing
  sha1: 6a554e11c5e9c4d922d2d0449a9f8a6586d4e377
  version: 0.185.0
- name: silk
  sha1: 4f14ad83f18b075c1904a87cdb9e3f889fe69da4
  version: 2.20.0
- name: smb-volume
  sha1: 7b592d492babe1683646066e83611902db1c6d6d
  version: 1.0.0
- name: syslog
  sha1: bbcea9f3802f91e8e10631e4f8a933e347ff56ff
  version: 11.4.0
stemcell_criteria:
  os: ubuntu-xenial
  version: '170.24'
