releases:
- name: backup-and-restore-sdk
  sha1: 75a2d0a93a4955de1cc1e2222cebba1a1b186310
  version: 1.15.1
- name: binary-offline-buildpack
  sha1: 81783190e464322bc5f688a54927b46f833c57d0
  version: 1.0.32
- name: bosh-dns-aliases
  sha1: db5d9c016cea64619dfc377ebce5deb400bae426
  version: 0.0.3
- name: bosh-system-metrics-forwarder
  sha1: 156a3f0be0ab73f153a79bb3131d1629858d4de6
  version: 0.0.18
- name: bpm
  sha1: 01d3a2107b7cf818c1bb4f14d295fc4ddaef3477
  version: 1.1.0
- name: capi
  sha1: 7a474fca6765c229f0440826a6341281b6a48ae4
  version: 1.82.0
- name: cf-autoscaling
  sha1: 4db9044cdc49c5cd7ca923892746da23ec168a13
  version: '219'
- name: cf-backup-and-restore
  sha1: 4a8102459a608f93a7bb17a764f30d775723691c
  version: 0.0.11
- name: cf-cli
  sha1: bd4c75000082f115c69d384af148b8e563dcaab6
  version: 1.16.0
- name: cf-networking
  sha1: 32761537e4dea8db39520fdb9f7fb7c5b04bdaed
  version: 2.23.0
- name: cf-smoke-tests
  sha1: 9e7cfdbc0ed9026d7e490c510b6c2841aa6fecf5
  version: 40.0.108
- name: cflinuxfs3
  sha1: e5d18d508dea5c2151ca9965bb94ff4202e4a943
  version: 0.105.0
- name: credhub
  sha1: 9c5c19ed1dc4ef2036fa5f3522c8c1282d435c3a
  version: 2.4.0
- name: diego
  sha1: 7003e553333efbe712ea7a2b6b550c6043313c32
  version: 2.32.0
- name: dotnet-core-offline-buildpack
  sha1: 59a0ea9056be4901e9b4fdda06826754baa9a446
  version: 2.2.12
- name: garden-runc
  sha1: 50100c20c1ef3317876a50dc6b7c54e965b7bb66
  version: 1.19.2
- name: go-offline-buildpack
  sha1: 850d4e4b8df86a6ce5fbc5a9a3d93dd35e4712c1
  version: 1.8.40
- name: haproxy
  sha1: 32b97e9bd6f1f401a88f5c8fba45326b3355635b
  version: 9.6.0
- name: istio
  sha1: 86c7801504106e0e64d9e8abba0396b14ac630d1
  version: '2'
- name: java-offline-buildpack
  sha1: b76257c7efcdb5b33ccbc43d2ff3fbb0a8054ef9
  version: '4.18'
- name: leadership-election
  sha1: 150999dc4caad60eb9d3e5d63c52f014cff68518
  version: '1.4'
- name: log-cache
  sha1: 227481f4c04fcbfec1289374aaf81cfd015ef4a9
  version: 2.1.3
- name: loggregator
  sha1: 4198dbaa586bca0aa932fa29ff61a3c963c2c8d8
  version: '105.5'
- name: loggregator-agent
  sha1: 08a6e3dc0b01257fd1d753d21f6659e5668ab819
  version: '3.17'
- name: mapfs
  sha1: ad8f34860659193d80aff76ec0e3594cb110d54e
  version: 1.1.5
- name: metric-registrar
  sha1: 8750a13d6eb50e77bd90f315369c6267f9dbb0ad
  version: 1.0.4
- name: mysql-monitoring
  sha1: 40bcd1aad8fa00a740697f0b2f8f045f6d541d1a
  version: 9.4.0
- name: nats
  sha1: 97ba2a5bd789ccb1442a76be7ea5f3419e65fbd4
  version: '27'
- name: nfs-volume
  sha1: eb7b2f5d3573cdaec853366341b6442052ad522b
  version: 2.2.0
- name: nginx-offline-buildpack
  sha1: 03a449a25ff72f7486dedb99bc69a0967099891d
  version: 1.0.13
- name: nodejs-offline-buildpack
  sha1: 4cf9e88855a38572eca57f886381abe65f64bfc7
  version: 1.6.51
- name: notifications
  sha1: 19b774399179f10ac2808e474dbee72b31906ba9
  version: '58'
- name: notifications-ui
  sha1: fd7f339f4ca070b7c56009ba713e3f2030659966
  version: '36'
- name: php-offline-buildpack
  sha1: 87ed772f635a5c0748d8efdecd2b0a58acfc71e8
  version: 4.3.77
- name: push-apps-manager-release
  sha1: 90a727718eeb5a28c09b321c7d83d843d7a8c4ac
  version: 670.0.3
- name: push-usage-service-release
  sha1: 41ea92bf467a4c18bcab60fc817b41a750a08623
  version: 670.0.6
- name: pxc
  sha1: 6ae172a0fae706d26e3b385107e0d75b701184e2
  version: 0.17.0
- name: python-offline-buildpack
  sha1: 66f9c2bbc84eae809c3bf0f24d55ba5fd159c7b1
  version: 1.6.34
- name: r-offline-buildpack
  sha1: 79ecaa1a37092bcc17e974fd6c18a7fdf4085f6d
  version: 1.0.10
- name: routing
  sha1: 32e91d2618947264188129f5144260b185f05901
  version: 0.188.0
- name: ruby-offline-buildpack
  sha1: f640fc2bd3992152d98e317e587d19a23a42fad1
  version: 1.7.40
- name: silk
  sha1: c993d45b4aa54a52ed4f8c958742b5eb959a7ab3
  version: 2.22.0
- name: smb-volume
  sha1: 59740fe8b944171829c392bdb872b6504468b679
  version: 1.2.1
- name: staticfile-offline-buildpack
  sha1: 3f120c9783001cb5f897b27b8ea79e5226581011
  version: 1.4.43
- name: statsd-injector
  sha1: 65b4d1df975288bd6bbbaae47fefbe1af75c11c8
  version: 1.10.0
- name: syslog
  sha1: 04209a387c25cf06be317b8e122447b89bae8c1a
  version: 11.4.0
- name: uaa
  sha1: c707d2c2dba4afcc57e0206ba26535901b0cc0bb
  version: '72.0'
stemcell_criteria:
  os: ubuntu-xenial
  version: '315.41'
