releases:
- name: bpm
  sha1: 4f8b749fe1cf0dd818f1d81f73d158fe01e1ef09
  version: 1.1.1
- name: cf-networking
  sha1: 4990b7266428419fa237d143e7570835444efa07
  version: 2.23.0
- name: cflinuxfs3
  sha1: 13dbe43bd921d3e2c45a633ca387c9fd47b7a321
  version: 0.118.0
- name: diego
  sha1: 14b9435ca03bff0d773c3aafa4e0ac4892cd4a47
  version: 2.35.0
- name: garden-runc
  sha1: ea09e0ff1f17832187e70bec1948104358966a7d
  version: 1.19.4
- name: haproxy
  sha1: 9e5d49f73588e0b45b198107e5160e192f67f4d1
  version: 9.6.1
- name: loggregator-agent
  sha1: 2c3dffc3bd4892739e6881e33a9017df33731657
  version: '3.19'
- name: mapfs
  sha1: 42846c57e34d8b7182f09eaa1368c6572556427c
  version: 1.2.0
- name: nfs-volume
  sha1: a490fa0154f3d6693efa54ad87135e28e79497ef
  version: 2.2.2
- name: routing
  sha1: 7f613a8b444285ac1ec97398b1f20dc239fb3561
  version: 0.188.0
- name: silk
  sha1: 93d899dd6b4c22e961f2dda66db906e85704d27c
  version: 2.22.0
- name: smb-volume
  sha1: 4c77ee492e1611945029cb796373bc812e0294b0
  version: 1.3.0
- name: syslog
  sha1: 9c58c3876f66484ccf0327d5f6a7445eaa3e6a5f
  version: 11.4.0
stemcell_criteria:
  os: ubuntu-xenial
  version: '456.1'
