releases:
- name: bpm
  sha1: 55eecba3d1d7ff5ad341a2fda6a04a61a99636fa
  version: 1.1.7
  remote_source: compiled-releases
  remote_path: 2.11/bpm/bpm-1.1.7-ubuntu-xenial-621.95.tgz
- name: cf-networking
  sha1: 40ed74f506ef1fa42e6a632908e39067f626d5e1
  version: 2.35.0
  remote_source: compiled-releases
  remote_path: 2.11/cf-networking/cf-networking-2.35.0-ubuntu-xenial-621.95.tgz
- name: cflinuxfs3
  sha1: 5ade24a4c06086e29b95d2b1ed0285aea39c42f1
  version: 0.218.0
  remote_source: compiled-releases
  remote_path: 2.11/cflinuxfs3/cflinuxfs3-0.218.0-ubuntu-xenial-621.95.tgz
- name: diego
  sha1: ec43cf11fdab1b7faa2033cf6387532287784d50
  version: 2.48.0
  remote_source: compiled-releases
  remote_path: 2.11/diego/diego-2.48.0-ubuntu-xenial-621.95.tgz
- name: garden-runc
  sha1: ecacaa335698f69bd6d4a10d445d81b4474dbc95
  version: 1.19.18
  remote_source: compiled-releases
  remote_path: 2.11/garden-runc/garden-runc-1.19.18-ubuntu-xenial-621.95.tgz
- name: haproxy
  sha1: fa4b4a3a99b41fc7b6888d52d696c16ef7d910c1
  version: 9.8.0
  remote_source: compiled-releases
  remote_path: 2.11/haproxy/haproxy-9.8.0-ubuntu-xenial-621.95.tgz
- name: loggregator-agent
  sha1: a9a1d1a8d0010c31ea269afd70e2715f05080dc8
  version: 6.1.3
  remote_source: compiled-releases
  remote_path: 2.11/loggregator-agent/loggregator-agent-6.1.3-ubuntu-xenial-621.95.tgz
- name: mapfs
  sha1: b83631c460985324f121406794515bd1d19cb377
  version: 1.2.6
  remote_source: compiled-releases
  remote_path: 2.11/mapfs/mapfs-1.2.6-ubuntu-xenial-621.95.tgz
- name: metrics-discovery
  sha1: b9c672aeade6453edd458efa249f003d1a42de40
  version: 3.0.3
  remote_source: compiled-releases
  remote_path: 2.11/metrics-discovery/metrics-discovery-3.0.3-ubuntu-xenial-621.95.tgz
- name: nfs-volume
  sha1: fe6e7f17a68fb1cb27a7323240a919c29c46fdc8
  version: 7.1.1
  remote_source: compiled-releases
  remote_path: 2.11/nfs-volume/nfs-volume-7.1.1-ubuntu-xenial-621.95.tgz
- name: routing
  sha1: ceafc4c31bb947f4b34b914bc61bb4fc204a2480
  version: 0.210.0
  remote_source: compiled-releases
  remote_path: 2.11/routing/routing-0.210.0-ubuntu-xenial-621.95.tgz
- name: silk
  sha1: f0b840aabc11d9a289cd8d0056cb464e4a79ae6d
  version: 2.35.0
  remote_source: compiled-releases
  remote_path: 2.11/silk/silk-2.35.0-ubuntu-xenial-621.95.tgz
- name: smb-volume
  sha1: 713f8890f50b75c2d6550e88f11b4363fe5ad755
  version: 3.1.0
  remote_source: compiled-releases
  remote_path: 2.11/smb-volume/smb-volume-3.1.0-ubuntu-xenial-621.95.tgz
- name: smoke-tests
  sha1: 28bee96b90cc8762d45ab223d7f553b6c0469ce4
  version: 2.2.0
  remote_source: compiled-releases
  remote_path: 2.11/smoke-tests/smoke-tests-2.2.0-ubuntu-xenial-621.95.tgz
- name: syslog
  sha1: ca53b6c0aa126476ddd50cdb206c4070425c9d76
  version: 11.6.1
  remote_source: compiled-releases
  remote_path: 2.11/syslog/syslog-11.6.1-ubuntu-xenial-621.95.tgz
stemcell_criteria:
  os: ubuntu-xenial
  version: "621.95"
