releases:
- name: bpm
  sha1: 2977478bd4fbf842d4ff1cc4967ed0fa7f48a05f
  version: 1.1.7
  remote_source: compiled-releases
  remote_path: 2.11/bpm/bpm-1.1.7-ubuntu-xenial-621.74.tgz
- name: cf-networking
  sha1: 6e8459f4a8b7eadd43d16bccfba24f850ac9d7bf
  version: 2.30.0
  remote_source: compiled-releases
  remote_path: 2.11/cf-networking/cf-networking-2.30.0-ubuntu-xenial-621.74.tgz
- name: cflinuxfs3
  sha1: 4c51101ca8fdf4b4167fd62771cf93e4e89354a1
  version: 0.184.0
  remote_source: compiled-releases
  remote_path: 2.11/cflinuxfs3/cflinuxfs3-0.184.0-ubuntu-xenial-621.74.tgz
- name: diego
  sha1: 9f3f015e3f239ec421fb0718d20b64420f660fe7
  version: 2.45.0
  remote_source: compiled-releases
  remote_path: 2.11/diego/diego-2.45.0-ubuntu-xenial-621.74.tgz
- name: garden-runc
  sha1: a98258d38da02db1baf5bb6699228a4bed8505de
  version: 1.19.12
  remote_source: compiled-releases
  remote_path: 2.11/garden-runc/garden-runc-1.19.12-ubuntu-xenial-621.74.tgz
- name: haproxy
  sha1: f5264b57c8028ef007f1445d0fdd598cbe14b85a
  version: 10.1.0
  remote_source: compiled-releases
  remote_path: 2.11/haproxy/haproxy-10.1.0-ubuntu-xenial-621.74.tgz
- name: loggregator-agent
  sha1: 7a575f0629c08935a5308192e72eb0987693dd9d
  version: 6.0.0
  remote_source: compiled-releases
  remote_path: 2.11/loggregator-agent/loggregator-agent-6.0.0-ubuntu-xenial-621.74.tgz
- name: mapfs
  sha1: 3ac2966ce39b76e7124eab164b0591ff99f687b6
  version: 1.2.5
  remote_source: compiled-releases
  remote_path: 2.11/mapfs/mapfs-1.2.5-ubuntu-xenial-621.74.tgz
- name: metrics-discovery
  sha1: 9a8c8c557bd84e7ae3cb9ab7233d8e91181daa53
  version: 2.0.9
  remote_source: compiled-releases
  remote_path: 2.11/metrics-discovery/metrics-discovery-2.0.9-ubuntu-xenial-621.74.tgz
- name: nfs-volume
  sha1: 5f7147282b2e052a91b4864782a4971fcd92d5a6
  version: 7.0.3
  remote_source: compiled-releases
  remote_path: 2.11/nfs-volume/nfs-volume-7.0.3-ubuntu-xenial-621.74.tgz
- name: routing
  sha1: 2543752067c59f418c2e9e788eab31b239285431
  version: 0.200.0
  remote_source: compiled-releases
  remote_path: 2.11/routing/routing-0.200.0-ubuntu-xenial-621.74.tgz
- name: silk
  sha1: bede64f105716bcaa980d6fbfb66938652af58c1
  version: 2.30.0
  remote_source: compiled-releases
  remote_path: 2.11/silk/silk-2.30.0-ubuntu-xenial-621.74.tgz
- name: smb-volume
  sha1: fccfdc9327986bf01cfe5ff11d75dfbbfa1e8b53
  version: 3.0.1
  remote_source: compiled-releases
  remote_path: 2.11/smb-volume/smb-volume-3.0.1-ubuntu-xenial-621.74.tgz
- name: smoke-tests
  sha1: 1f9614a594dface62022fef831900b8cad6ef05c
  version: 2.0.6
  remote_source: compiled-releases
  remote_path: 2.11/smoke-tests/smoke-tests-2.0.6-ubuntu-xenial-621.74.tgz
- name: syslog
  sha1: f3a546c26eb56aee6b60b884589f4f77835fb235
  version: 11.6.1
  remote_source: compiled-releases
  remote_path: 2.11/syslog/syslog-11.6.1-ubuntu-xenial-621.74.tgz
stemcell_criteria:
  os: ubuntu-xenial
  version: "621.74"
