releases:
- name: backup-and-restore-sdk
  sha1: 2552cf3a854ea750abb6724e65cbb43eaf1fae66
  version: 1.18.0
  remote_source: compiled-releases
  remote_path: 2.11/backup-and-restore-sdk/backup-and-restore-sdk-1.18.0-ubuntu-xenial-621.84.tgz
- name: binary-offline-buildpack
  sha1: 698c5a1605386edc56032f4cf94a6bb39a544b6c
  version: 1.0.36
  remote_source: compiled-releases
  remote_path: 2.11/binary-offline-buildpack/binary-offline-buildpack-1.0.36-ubuntu-xenial-621.84.tgz
- name: bosh-dns-aliases
  sha1: 01006a650f90bcb55225b16305a1a952947386a1
  version: 0.0.3
  remote_source: compiled-releases
  remote_path: 2.11/bosh-dns-aliases/bosh-dns-aliases-0.0.3-ubuntu-xenial-621.84.tgz
- name: bosh-system-metrics-forwarder
  sha1: 943fe2e9a17e5a8b039c06959a7981d6d8d3171d
  version: 0.0.19
  remote_source: compiled-releases
  remote_path: 2.11/bosh-system-metrics-forwarder/bosh-system-metrics-forwarder-0.0.19-ubuntu-xenial-621.84.tgz
- name: bpm
  sha1: 00f55d84f88edfeeed46ecf0b854a62a725f7fec
  version: 1.1.7
  remote_source: compiled-releases
  remote_path: 2.11/bpm/bpm-1.1.7-ubuntu-xenial-621.84.tgz
- name: capi
  sha1: 277a52e91100985cf0e6c10cdb09ad74a2edd134
  version: 1.98.0
  remote_source: compiled-releases
  remote_path: 2.11/capi/capi-1.98.0-ubuntu-xenial-621.84.tgz
- name: cf-autoscaling
  sha1: 979bf228b49e5d64befafdfe38f82bdb4aeb3126
  version: "233"
  remote_source: compiled-releases
  remote_path: 2.11/cf-autoscaling/cf-autoscaling-233-ubuntu-xenial-621.84.tgz
- name: cf-cli
  sha1: 6abda67565c1fbe1174e2c7911a66b1f4614feb3
  version: 1.30.0
  remote_source: compiled-releases
  remote_path: 2.11/cf-cli/cf-cli-1.30.0-ubuntu-xenial-621.84.tgz
- name: cf-networking
  sha1: 80c35e19439740b0988cf7766b29529e467ab8d5
  version: 2.33.0
  remote_source: compiled-releases
  remote_path: 2.11/cf-networking/cf-networking-2.33.0-ubuntu-xenial-621.84.tgz
- name: cflinuxfs3
  sha1: dd9a49599bc9fca27af2b7cad991e3dd5963fc70
  version: 0.204.0
  remote_source: compiled-releases
  remote_path: 2.11/cflinuxfs3/cflinuxfs3-0.204.0-ubuntu-xenial-621.84.tgz
- name: credhub
  sha1: 5bd04fff1ff24c724ee54f855a680b6758ec9aa7
  version: 2.6.1
  remote_source: compiled-releases
  remote_path: 2.11/credhub/credhub-2.6.1-ubuntu-xenial-621.84.tgz
- name: diego
  sha1: 2d4b2d36388b2b06b859a2cb75bad3d5dc419d24
  version: 2.48.0
  remote_source: compiled-releases
  remote_path: 2.11/diego/diego-2.48.0-ubuntu-xenial-621.84.tgz
- name: dotnet-core-offline-buildpack
  sha1: 12b0aa4857782ba041acd525408e4c757194e425
  version: 2.3.14
  remote_source: compiled-releases
  remote_path: 2.11/dotnet-core-offline-buildpack/dotnet-core-offline-buildpack-2.3.14-ubuntu-xenial-621.84.tgz
- name: garden-runc
  sha1: 4418a12c1b109d3c72cbd790ca60fdcf082e4cda
  version: 1.19.16
  remote_source: compiled-releases
  remote_path: 2.11/garden-runc/garden-runc-1.19.16-ubuntu-xenial-621.84.tgz
- name: go-offline-buildpack
  sha1: bd6a63d4b9e42e46b76a1041ff9c679da88e2b71
  version: 1.9.17
  remote_source: compiled-releases
  remote_path: 2.11/go-offline-buildpack/go-offline-buildpack-1.9.17-ubuntu-xenial-621.84.tgz
- name: haproxy
  sha1: 218bcf478ca5aff8ea5c39dfa513d5bc0efc9763
  version: 10.1.0
  remote_source: compiled-releases
  remote_path: 2.11/haproxy/haproxy-10.1.0-ubuntu-xenial-621.84.tgz
- name: java-offline-buildpack
  sha1: aa9e24e7824cc4168fb37f6c1aaed27a256d345d
  version: 4.32.1
  remote_source: compiled-releases
  remote_path: 2.11/java-offline-buildpack/java-offline-buildpack-4.32.1-ubuntu-xenial-621.84.tgz
- name: log-cache
  sha1: 78e6f1fb2a159d059ccf7c183efb6da5c9ff8f31
  version: 2.8.0
  remote_source: compiled-releases
  remote_path: 2.11/log-cache/log-cache-2.8.0-ubuntu-xenial-621.84.tgz
- name: loggregator
  sha1: 2dcd695c3fe30dca812dd1c6399e6a8b0fc29006
  version: 106.3.11
  remote_source: compiled-releases
  remote_path: 2.11/loggregator/loggregator-106.3.11-ubuntu-xenial-621.84.tgz
- name: loggregator-agent
  sha1: c663f6494fc93e92479ecdf2525bda15a7e097f0
  version: 6.1.1
  remote_source: compiled-releases
  remote_path: 2.11/loggregator-agent/loggregator-agent-6.1.1-ubuntu-xenial-621.84.tgz
- name: mapfs
  sha1: 888c469817f1675c6f5af09817c13e0ca11b5516
  version: 1.2.6
  remote_source: compiled-releases
  remote_path: 2.11/mapfs/mapfs-1.2.6-ubuntu-xenial-621.84.tgz
- name: metric-registrar
  sha1: 3c97f90d718ba40d62557dfa64f4e7f43be264e5
  version: 1.2.1
  remote_source: compiled-releases
  remote_path: 2.11/metric-registrar/metric-registrar-1.2.1-ubuntu-xenial-621.84.tgz
- name: metrics-discovery
  sha1: 8521629580914b56e567f0d62727cea366b04087
  version: 3.0.1
  remote_source: compiled-releases
  remote_path: 2.11/metrics-discovery/metrics-discovery-3.0.1-ubuntu-xenial-621.84.tgz
- name: mysql-monitoring
  sha1: 8ba2001e306ead533b761e3235f4591c2bdaaada
  version: 9.15.0
  remote_source: compiled-releases
  remote_path: 2.11/mysql-monitoring/mysql-monitoring-9.15.0-ubuntu-xenial-621.84.tgz
- name: nats
  sha1: 024a92f5cc7dd63dcd549e6586dc25cd6f10b8b8
  version: "34"
  remote_source: compiled-releases
  remote_path: 2.11/nats/nats-34-ubuntu-xenial-621.84.tgz
- name: nfs-volume
  sha1: dca22d58d8c5f760a61137ac31455b4d0806f5c1
  version: 7.1.1
  remote_source: compiled-releases
  remote_path: 2.11/nfs-volume/nfs-volume-7.1.1-ubuntu-xenial-621.84.tgz
- name: nginx-offline-buildpack
  sha1: 6f18459b3ab058149b4e87501c4346a8f66544ea
  version: 1.1.14
  remote_source: compiled-releases
  remote_path: 2.11/nginx-offline-buildpack/nginx-offline-buildpack-1.1.14-ubuntu-xenial-621.84.tgz
- name: nodejs-offline-buildpack
  sha1: 1aa613a585620f7c4d29bd542f70675a5421aeca
  version: 1.7.26
  remote_source: compiled-releases
  remote_path: 2.11/nodejs-offline-buildpack/nodejs-offline-buildpack-1.7.26-ubuntu-xenial-621.84.tgz
- name: notifications
  sha1: edfa375782e7fe4bd92eab5b56d0edc2a1d37ae2
  version: "61"
  remote_source: compiled-releases
  remote_path: 2.11/notifications/notifications-61-ubuntu-xenial-621.84.tgz
- name: notifications-ui
  sha1: 467ef5bff64ba81b19156923b1a455d58ca40f1f
  version: "40"
  remote_source: compiled-releases
  remote_path: 2.11/notifications-ui/notifications-ui-40-ubuntu-xenial-621.84.tgz
- name: php-offline-buildpack
  sha1: 0c8bb9d691f7c5aef32d19e1014766a6aa692609
  version: 4.4.20
  remote_source: compiled-releases
  remote_path: 2.11/php-offline-buildpack/php-offline-buildpack-4.4.20-ubuntu-xenial-621.84.tgz
- name: push-apps-manager-release
  sha1: 05c95aad4cdfed980fc677847129fd8b836a449c
  version: 672.0.13
  remote_source: compiled-releases
  remote_path: 2.11/push-apps-manager/push-apps-manager-release-672.0.13-ubuntu-xenial-621.84.tgz
- name: push-usage-service-release
  sha1: 040f1f90c4d52b5795160b70754cef01bde5ad12
  version: 674.0.9
  remote_source: compiled-releases
  remote_path: 2.11/push-usage-service/push-usage-service-release-674.0.9-ubuntu-xenial-621.84.tgz
- name: pxc
  sha1: bd5271dd63e52b68f9e99fce0f981e68482916d7
  version: 0.29.0
  remote_source: compiled-releases
  remote_path: 2.11/pxc/pxc-0.29.0-ubuntu-xenial-621.84.tgz
- name: python-offline-buildpack
  sha1: 58b7aa61f0c383b82cf4b5ae678fe4c41cec6f1f
  version: 1.7.20
  remote_source: compiled-releases
  remote_path: 2.11/python-offline-buildpack/python-offline-buildpack-1.7.20-ubuntu-xenial-621.84.tgz
- name: r-offline-buildpack
  sha1: 0ff46bebab2d3033ea46ff2e272b3d441f83a871
  version: 1.1.7
  remote_source: compiled-releases
  remote_path: 2.11/r-offline-buildpack/r-offline-buildpack-1.1.7-ubuntu-xenial-621.84.tgz
- name: routing
  sha1: db4761b5916f8bcbd54dbf6907f4a7236ea0c3a4
  version: 0.207.0
  remote_source: compiled-releases
  remote_path: 2.11/routing/routing-0.207.0-ubuntu-xenial-621.84.tgz
- name: ruby-offline-buildpack
  sha1: ea3ffb7e3ea11d297f6e48f6c40f09f299ee4df1
  version: 1.8.23
  remote_source: compiled-releases
  remote_path: 2.11/ruby-offline-buildpack/ruby-offline-buildpack-1.8.23-ubuntu-xenial-621.84.tgz
- name: silk
  sha1: 71003d7d84e359d9c7e2417a83f0d0744cf7fecf
  version: 2.33.0
  remote_source: compiled-releases
  remote_path: 2.11/silk/silk-2.33.0-ubuntu-xenial-621.84.tgz
- name: smb-volume
  sha1: b552163a54dcd21deeb37b17b7b1bbef546c87c1
  version: 3.1.0
  remote_source: compiled-releases
  remote_path: 2.11/smb-volume/smb-volume-3.1.0-ubuntu-xenial-621.84.tgz
- name: smoke-tests
  sha1: c151df66f14cedee13e53d954bb108a8e6463766
  version: 2.2.0
  remote_source: compiled-releases
  remote_path: 2.11/smoke-tests/smoke-tests-2.2.0-ubuntu-xenial-621.84.tgz
- name: staticfile-offline-buildpack
  sha1: cc7f23e08ba25a2c2e7f9496ba2ef9a6d3c41642
  version: 1.5.10
  remote_source: compiled-releases
  remote_path: 2.11/staticfile-offline-buildpack/staticfile-offline-buildpack-1.5.10-ubuntu-xenial-621.84.tgz
- name: statsd-injector
  sha1: dfec8350e368ffd77c0eeaea632b491e05d59d64
  version: 1.11.15
  remote_source: compiled-releases
  remote_path: 2.11/statsd-injector/statsd-injector-1.11.15-ubuntu-xenial-621.84.tgz
- name: syslog
  sha1: e5b14ba9ec50add948fe30e40fd58ff59f082d55
  version: 11.6.1
  remote_source: compiled-releases
  remote_path: 2.11/syslog/syslog-11.6.1-ubuntu-xenial-621.84.tgz
- name: system-metrics-scraper
  sha1: d0615c9ad2f8d87d781b9c1f5d13d8f59291c7d1
  version: 3.2.0
  remote_source: compiled-releases
  remote_path: 2.11/system-metrics-scraper/system-metrics-scraper-3.2.0-ubuntu-xenial-621.84.tgz
- name: uaa
  sha1: 4c147a1100cb5f10ccc8445a6d92fcda59c0e6a8
  version: 74.5.18
  remote_source: compiled-releases
  remote_path: 2.11/uaa/uaa-74.5.18-ubuntu-xenial-621.84.tgz
stemcell_criteria:
  os: ubuntu-xenial
  version: "621.84"
