releases:
- name: bpm
  sha1: a611edc4b262b2baa9b9f3e923a65869c0618f4e
  version: 1.1.7
  remote_source: compiled-releases
  remote_path: 2.12/bpm/bpm-1.1.7-ubuntu-xenial-621.113.tgz
- name: cf-networking
  sha1: c1a8e5a3eb6a41c4e0f870129dbea81199fc214d
  version: 2.35.0
  remote_source: compiled-releases
  remote_path: 2.12/cf-networking/cf-networking-2.35.0-ubuntu-xenial-621.113.tgz
- name: cflinuxfs3
  sha1: a0cad6431ade7429721ebbc0b97d4ac0b7d6ccfb
  version: 0.228.0
  remote_source: bosh.io
  remote_path: https://bosh.io/d/github.com/cloudfoundry/cflinuxfs3-release?v=0.228.0
- name: diego
  sha1: e5f53d7cab4588fbfe76daa226629438815aaa87
  version: 2.49.0
  remote_source: compiled-releases
  remote_path: 2.12/diego/diego-2.49.0-ubuntu-xenial-621.113.tgz
- name: garden-runc
  sha1: a06558ce33cf3a9dc8cebb3765237785792c81f1
  version: 1.19.19
  remote_source: compiled-releases
  remote_path: 2.12/garden-runc/garden-runc-1.19.19-ubuntu-xenial-621.113.tgz
- name: haproxy
  sha1: 63143f9a4af117e7ae591041b0b68b17c12d5afe
  version: 9.8.0
  remote_source: compiled-releases
  remote_path: 2.12/haproxy/haproxy-9.8.0-ubuntu-xenial-621.113.tgz
- name: loggregator-agent
  sha1: e9ed4a77edaf411cf2dc94dc1e5bcb124aaf1bfd
  version: 6.2.0
  remote_source: compiled-releases
  remote_path: 2.12/loggregator-agent/loggregator-agent-6.2.0-ubuntu-xenial-621.113.tgz
- name: mapfs
  sha1: b4b38a655ee51c7895cbb505ecfa3746b550407a
  version: 1.2.6
  remote_source: compiled-releases
  remote_path: 2.12/mapfs/mapfs-1.2.6-ubuntu-xenial-621.113.tgz
- name: metrics-discovery
  sha1: aa6783741683e5374a31af697efef83f484c1acb
  version: 3.0.3
  remote_source: compiled-releases
  remote_path: 2.12/metrics-discovery/metrics-discovery-3.0.3-ubuntu-xenial-621.113.tgz
- name: nfs-volume
  sha1: 7ee9b5998d708038d0d9151d4940067048b99985
  version: 7.1.1
  remote_source: compiled-releases
  remote_path: 2.12/nfs-volume/nfs-volume-7.1.1-ubuntu-xenial-621.113.tgz
- name: routing
  sha1: ec1b46617545cd7c50116328b1b2b52028d5689f
  version: 0.212.0
  remote_source: compiled-releases
  remote_path: 2.12/routing/routing-0.212.0-ubuntu-xenial-621.113.tgz
- name: silk
  sha1: ab42464cc518b45f89b1219ebbb762456458e844
  version: 2.35.0
  remote_source: compiled-releases
  remote_path: 2.12/silk/silk-2.35.0-ubuntu-xenial-621.113.tgz
- name: smb-volume
  sha1: 2125b85e665d317bab48067c55ce90253cecbe6f
  version: 3.1.0
  remote_source: compiled-releases
  remote_path: 2.12/smb-volume/smb-volume-3.1.0-ubuntu-xenial-621.113.tgz
- name: smoke-tests
  sha1: f96afe97ca8aec7c238a31605b167176370a3c28
  version: 2.2.0
  remote_source: compiled-releases
  remote_path: 2.12/smoke-tests/smoke-tests-2.2.0-ubuntu-xenial-621.113.tgz
- name: syslog
  sha1: cdb968fc4184d9fcccfbc59d5e7666329416815f
  version: 11.7.0
  remote_source: compiled-releases
  remote_path: 2.12/syslog/syslog-11.7.0-ubuntu-xenial-621.113.tgz
stemcell_criteria:
  os: ubuntu-xenial
  version: "621.113"
