releases:
- name: backup-and-restore-sdk
  sha1: 84fa219af4914d4aa35c2f4954756aea19b2db79
  version: 1.18.3
  remote_source: compiled-releases
  remote_path: 2.12/backup-and-restore-sdk/backup-and-restore-sdk-1.18.3-ubuntu-xenial-621.113.tgz
- name: binary-offline-buildpack
  sha1: 60f7db0f069e5fcce8846842f72a87bd58b9bd00
  version: 1.0.36
  remote_source: compiled-releases
  remote_path: 2.12/binary-offline-buildpack/binary-offline-buildpack-1.0.36-ubuntu-xenial-621.113.tgz
- name: bosh-dns-aliases
  sha1: 7a271ace0e0c3dc6eb8484823710d66f27ae1dd0
  version: 0.0.3
  remote_source: compiled-releases
  remote_path: 2.12/bosh-dns-aliases/bosh-dns-aliases-0.0.3-ubuntu-xenial-621.113.tgz
- name: bosh-system-metrics-forwarder
  sha1: 3f5703ce7a3e45c4e9efbe64bddde871530f525b
  version: 0.0.20
  remote_source: compiled-releases
  remote_path: 2.12/bosh-system-metrics-forwarder/bosh-system-metrics-forwarder-0.0.20-ubuntu-xenial-621.113.tgz
- name: bpm
  sha1: a611edc4b262b2baa9b9f3e923a65869c0618f4e
  version: 1.1.7
  remote_source: compiled-releases
  remote_path: 2.12/bpm/bpm-1.1.7-ubuntu-xenial-621.113.tgz
- name: capi
  sha1: 0f5aac1f85436f12513d3594064f3aacf9133ea1
  version: 1.107.0
  remote_source: compiled-releases
  remote_path: 2.12/capi/capi-1.107.0-ubuntu-xenial-621.113.tgz
- name: cf-autoscaling
  sha1: 9cc4b99c0105e30006495cb6b7b82230e3f73f5c
  version: "237"
  remote_source: compiled-releases
  remote_path: 2.12/cf-autoscaling/cf-autoscaling-237-ubuntu-xenial-621.113.tgz
- name: cf-cli
  sha1: 84f3a79e5b13b4c1ae30ba59699a7791c9d6b4c9
  version: 1.32.0
  remote_source: compiled-releases
  remote_path: 2.12/cf-cli/cf-cli-1.32.0-ubuntu-xenial-621.113.tgz
- name: cf-networking
  sha1: c1a8e5a3eb6a41c4e0f870129dbea81199fc214d
  version: 2.35.0
  remote_source: compiled-releases
  remote_path: 2.12/cf-networking/cf-networking-2.35.0-ubuntu-xenial-621.113.tgz
- name: cflinuxfs3
  sha1: 0be9cc9ac27c44f1a7c0207a7e8bb5f50b4b4a6d
  version: 0.227.0
  remote_source: compiled-releases
  remote_path: 2.12/cflinuxfs3/cflinuxfs3-0.227.0-ubuntu-xenial-621.113.tgz
- name: credhub
  sha1: 34889508f1859c442b381e29ccf61a7ad6179e3c
  version: 2.9.0
  remote_source: compiled-releases
  remote_path: 2.12/credhub/credhub-2.9.0-ubuntu-xenial-621.113.tgz
- name: diego
  sha1: e5f53d7cab4588fbfe76daa226629438815aaa87
  version: 2.49.0
  remote_source: compiled-releases
  remote_path: 2.12/diego/diego-2.49.0-ubuntu-xenial-621.113.tgz
- name: dotnet-core-offline-buildpack
  sha1: 3ac6eccf0b40bba6027a9a3b2bba2a21c30b5b31
  version: 2.3.22
  remote_source: final-pcf-bosh-releases
  remote_path: dotnet-core-offline-buildpack/dotnet-core-offline-buildpack-2.3.22.tgz
- name: garden-runc
  sha1: a06558ce33cf3a9dc8cebb3765237785792c81f1
  version: 1.19.19
  remote_source: compiled-releases
  remote_path: 2.12/garden-runc/garden-runc-1.19.19-ubuntu-xenial-621.113.tgz
- name: go-offline-buildpack
  sha1: 301ee6c1fbad8c9c4b24bc80bdbfbc3ba954cf24
  version: 1.9.26
  remote_source: compiled-releases
  remote_path: 2.12/go-offline-buildpack/go-offline-buildpack-1.9.26-ubuntu-xenial-621.113.tgz
- name: haproxy
  sha1: 63143f9a4af117e7ae591041b0b68b17c12d5afe
  version: 9.8.0
  remote_source: compiled-releases
  remote_path: 2.12/haproxy/haproxy-9.8.0-ubuntu-xenial-621.113.tgz
- name: java-offline-buildpack
  sha1: 0a3661e9bcc74a74e8562b3665b6e806a9a44a54
  version: "4.36"
  remote_source: compiled-releases
  remote_path: 2.12/java-offline-buildpack/java-offline-buildpack-4.36-ubuntu-xenial-621.113.tgz
- name: log-cache
  sha1: 41cc9aeee80b36bca4630ac6294ac380bfdbcaad
  version: 2.10.0
  remote_source: compiled-releases
  remote_path: 2.12/log-cache/log-cache-2.10.0-ubuntu-xenial-621.113.tgz
- name: loggregator
  sha1: e04f1474f1912508dcd183ffe4d1f76ca8c548c5
  version: 106.4.0
  remote_source: compiled-releases
  remote_path: 2.12/loggregator/loggregator-106.4.0-ubuntu-xenial-621.113.tgz
- name: loggregator-agent
  sha1: e9ed4a77edaf411cf2dc94dc1e5bcb124aaf1bfd
  version: 6.2.0
  remote_source: compiled-releases
  remote_path: 2.12/loggregator-agent/loggregator-agent-6.2.0-ubuntu-xenial-621.113.tgz
- name: mapfs
  sha1: b4b38a655ee51c7895cbb505ecfa3746b550407a
  version: 1.2.6
  remote_source: compiled-releases
  remote_path: 2.12/mapfs/mapfs-1.2.6-ubuntu-xenial-621.113.tgz
- name: metric-registrar
  sha1: aa001a72c1ff91caad38947580e541149b63a460
  version: 1.1.1
  remote_source: compiled-releases
  remote_path: 2.12/metric-registrar/metric-registrar-1.1.1-ubuntu-xenial-621.113.tgz
- name: metrics-discovery
  sha1: aa6783741683e5374a31af697efef83f484c1acb
  version: 3.0.3
  remote_source: compiled-releases
  remote_path: 2.12/metrics-discovery/metrics-discovery-3.0.3-ubuntu-xenial-621.113.tgz
- name: mysql-monitoring
  sha1: 55237e2d97824a0b6ea5d47dd015d054a43ccb01
  version: 9.15.0
  remote_source: compiled-releases
  remote_path: 2.12/mysql-monitoring/mysql-monitoring-9.15.0-ubuntu-xenial-621.113.tgz
- name: nats
  sha1: ba637c4a7c33cb34600c5ca164a944d4523c3082
  version: "39"
  remote_source: compiled-releases
  remote_path: 2.12/nats/nats-39-ubuntu-xenial-621.113.tgz
- name: nfs-volume
  sha1: 7ee9b5998d708038d0d9151d4940067048b99985
  version: 7.1.1
  remote_source: compiled-releases
  remote_path: 2.12/nfs-volume/nfs-volume-7.1.1-ubuntu-xenial-621.113.tgz
- name: nginx-offline-buildpack
  sha1: e6b7056ba90ff45da61b5bd37c456ff367ef5da2
  version: 1.1.20
  remote_source: compiled-releases
  remote_path: 2.12/nginx-offline-buildpack/nginx-offline-buildpack-1.1.20-ubuntu-xenial-621.113.tgz
- name: nodejs-offline-buildpack
  sha1: 8aa1daab9526d938769cd6fdc32e983d75879795
  version: 1.7.42
  remote_source: compiled-releases
  remote_path: 2.12/nodejs-offline-buildpack/nodejs-offline-buildpack-1.7.42-ubuntu-xenial-621.113.tgz
- name: notifications
  sha1: ded45853f19c110e3da2056cbbd6d46b042a13ce
  version: "61"
  remote_source: compiled-releases
  remote_path: 2.12/notifications/notifications-61-ubuntu-xenial-621.113.tgz
- name: notifications-ui
  sha1: 35bee39f14da6e050a3642b446f0c8feb8b0a997
  version: "40"
  remote_source: compiled-releases
  remote_path: 2.12/notifications-ui/notifications-ui-40-ubuntu-xenial-621.113.tgz
- name: php-offline-buildpack
  sha1: c2ec60caf3a1e100958e80903baa10ca4bebc82d
  version: 4.4.31
  remote_source: compiled-releases
  remote_path: 2.12/php-offline-buildpack/php-offline-buildpack-4.4.31-ubuntu-xenial-621.113.tgz
- name: push-apps-manager-release
  sha1: 09e49b57b3c36d087907de4e8711128f183bdbf4
  version: 674.0.2
  remote_source: compiled-releases
  remote_path: 2.12/push-apps-manager/push-apps-manager-release-674.0.2-ubuntu-xenial-621.113.tgz
- name: push-usage-service-release
  sha1: 48870d1cdb798b12b83477b3d9a564ff805ebdfb
  version: 674.0.12
  remote_source: compiled-releases
  remote_path: 2.12/push-usage-service/push-usage-service-release-674.0.12-ubuntu-xenial-621.113.tgz
- name: pxc
  sha1: 74aaca2fed95797c71da320875a50c313082bfcc
  version: 0.33.0
  remote_source: compiled-releases
  remote_path: 2.12/pxc/pxc-0.33.0-ubuntu-xenial-621.113.tgz
- name: python-offline-buildpack
  sha1: 6fb3e5d9b1a8a4aebf7f5d8e0d58281562785678
  version: 1.7.30
  remote_source: compiled-releases
  remote_path: 2.12/python-offline-buildpack/python-offline-buildpack-1.7.30-ubuntu-xenial-621.113.tgz
- name: r-offline-buildpack
  sha1: 9c3b9322056fa24d6b8ebeaa75be55601ec6c9b5
  version: 1.1.12
  remote_source: compiled-releases
  remote_path: 2.12/r-offline-buildpack/r-offline-buildpack-1.1.12-ubuntu-xenial-621.113.tgz
- name: routing
  sha1: ec1b46617545cd7c50116328b1b2b52028d5689f
  version: 0.212.0
  remote_source: compiled-releases
  remote_path: 2.12/routing/routing-0.212.0-ubuntu-xenial-621.113.tgz
- name: ruby-offline-buildpack
  sha1: 1b289d1df330829d8c261fb1785a7bf9a3164071
  version: 1.8.31
  remote_source: compiled-releases
  remote_path: 2.12/ruby-offline-buildpack/ruby-offline-buildpack-1.8.31-ubuntu-xenial-621.113.tgz
- name: silk
  sha1: ab42464cc518b45f89b1219ebbb762456458e844
  version: 2.35.0
  remote_source: compiled-releases
  remote_path: 2.12/silk/silk-2.35.0-ubuntu-xenial-621.113.tgz
- name: smb-volume
  sha1: 2125b85e665d317bab48067c55ce90253cecbe6f
  version: 3.1.0
  remote_source: compiled-releases
  remote_path: 2.12/smb-volume/smb-volume-3.1.0-ubuntu-xenial-621.113.tgz
- name: smoke-tests
  sha1: f96afe97ca8aec7c238a31605b167176370a3c28
  version: 2.2.0
  remote_source: compiled-releases
  remote_path: 2.12/smoke-tests/smoke-tests-2.2.0-ubuntu-xenial-621.113.tgz
- name: staticfile-offline-buildpack
  sha1: 92d90a8c5668247f97a10735b514ae165bb83cc9
  version: 1.5.15
  remote_source: compiled-releases
  remote_path: 2.12/staticfile-offline-buildpack/staticfile-offline-buildpack-1.5.15-ubuntu-xenial-621.113.tgz
- name: statsd-injector
  sha1: 4dcb2a59ccbb8134d2b52f7f2c6b91a1672d2b85
  version: 1.11.15
  remote_source: compiled-releases
  remote_path: 2.12/statsd-injector/statsd-injector-1.11.15-ubuntu-xenial-621.113.tgz
- name: syslog
  sha1: cdb968fc4184d9fcccfbc59d5e7666329416815f
  version: 11.7.0
  remote_source: compiled-releases
  remote_path: 2.12/syslog/syslog-11.7.0-ubuntu-xenial-621.113.tgz
- name: system-metrics-scraper
  sha1: 2bdc2ae10fb91bb5c16eba22271eaa6b45a115c2
  version: 3.2.2
  remote_source: compiled-releases
  remote_path: 2.12/system-metrics-scraper/system-metrics-scraper-3.2.2-ubuntu-xenial-621.113.tgz
- name: uaa
  sha1: d55e990221216635da7bab69919f9cf9f3b5a53c
  version: 74.5.22
  remote_source: compiled-releases
  remote_path: 2.12/uaa/uaa-74.5.22-ubuntu-xenial-621.113.tgz
stemcell_criteria:
  os: ubuntu-xenial
  version: "621.113"
